
Microsoft Visual Studio Solution File, Format Version 12.00
# Visual Studio Version 17
VisualStudioVersion = 17.8.34330.188
MinimumVisualStudioVersion = 10.0.40219.1
Project("{8BC9CEB8-8B4A-11D0-8D11-00A0C91BC942}") = "oopLab-1Tasks", "oopLab-1Tasks\oopLab-1Tasks.vcxproj", "{354FC8DD-2540-4698-9A50-AD91ECD7B84E}"
EndProject
Global
	GlobalSection(SolutionConfigurationPlatforms) = preSolution
		Debug|x64 = Debug|x64
		Debug|x86 = Debug|x86
		Release|x64 = Release|x64
		Release|x86 = Release|x86
	EndGlobalSection
	GlobalSection(ProjectConfigurationPlatforms) = postSolution
		{354FC8DD-2540-4698-9A50-AD91ECD7B84E}.Debug|x64.ActiveCfg = Debug|x64
		{354FC8DD-2540-4698-9A50-AD91ECD7B84E}.Debug|x64.Build.0 = Debug|x64
		{354FC8DD-2540-4698-9A50-AD91ECD7B84E}.Debug|x86.ActiveCfg = Debug|Win32
		{354FC8DD-2540-4698-9A50-AD91ECD7B84E}.Debug|x86.Build.0 = Debug|Win32
		{354FC8DD-2540-4698-9A50-AD91ECD7B84E}.Release|x64.ActiveCfg = Release|x64
		{354FC8DD-2540-4698-9A50-AD91ECD7B84E}.Release|x64.Build.0 = Release|x64
		{354FC8DD-2540-4698-9A50-AD91ECD7B84E}.Release|x86.ActiveCfg = Release|Win32
		{354FC8DD-2540-4698-9A50-AD91ECD7B84E}.Release|x86.Build.0 = Release|Win32
	EndGlobalSection
	GlobalSection(SolutionProperties) = preSolution
		HideSolutionNode = FALSE
	EndGlobalSection
	GlobalSection(ExtensibilityGlobals) = postSolution
		SolutionGuid = {882770B9-3977-4B7E-A1A9-CC2117084D4F}
	EndGlobalSection
EndGlobal
